
Microsoft Visual Studio Solution File, Format Version 12.00
# Visual Studio Version 17
VisualStudioVersion = 17.0.31912.275
MinimumVisualStudioVersion = 10.0.40219.1
Project("{FAE04EC0-301F-11D3-BF4B-00C04F79EFBC}") = "WindowsFormsApp3", "WindowsFormsApp3\WindowsFormsApp3.csproj", "{6271DD7F-E600-478B-8473-8F7BC9CF3899}"
EndProject
Global
	GlobalSection(SolutionConfigurationPlatforms) = preSolution
		Debug|Any CPU = Debug|Any CPU
		Release|Any CPU = Release|Any CPU
	EndGlobalSection
	GlobalSection(ProjectConfigurationPlatforms) = postSolution
		{6271DD7F-E600-478B-8473-8F7BC9CF3899}.Debug|Any CPU.ActiveCfg = Debug|Any CPU
		{6271DD7F-E600-478B-8473-8F7BC9CF3899}.Debug|Any CPU.Build.0 = Debug|Any CPU
		{6271DD7F-E600-478B-8473-8F7BC9CF3899}.Release|Any CPU.ActiveCfg = Release|Any CPU
		{6271DD7F-E600-478B-8473-8F7BC9CF3899}.Release|Any CPU.Build.0 = Release|Any CPU
	EndGlobalSection
	GlobalSection(SolutionProperties) = preSolution
		HideSolutionNode = FALSE
	EndGlobalSection
	GlobalSection(ExtensibilityGlobals) = postSolution
		SolutionGuid = {203C8D5C-6FD0-464E-836F-32B8A1DFF654}
	EndGlobalSection
EndGlobal
